#MicroXplorer Configuration settings - do not modify
File.Version=6
KeepUserPlacement=false
Mcu.CPN=STM32F407ZGT6
Mcu.Family=STM32F4
Mcu.IP0=USART1
Mcu.IPNb=1
Mcu.Name=STM32F407Z(E-G)Tx
Mcu.Package=LQFP144
Mcu.Pin0=PA9
Mcu.Pin1=PA10
Mcu.PinsNb=2
Mcu.UserName=STM32F407ZGTx
MxCube.Version=6.12.0
MxDb.Version=DB.6.0.120
PA9.Mode=Asynchronous
PA9.Signal=USART1_TX
PA10.Mode=Asynchronous
PA10.Signal=USART1_RX
ProjectManager.DeviceId=STM32F407ZGTx
ProjectManager.ProjectName=f407_bootloader
ProjectManager.StackSize=0x400
ProjectManager.TargetToolchain=STM32CubeIDE
RCC.HSEState=HSE_ON
RCC.PLLM=8
RCC.PLLN=336
RCC.PLLP=2
RCC.PLLQ=7
RCC.SYSCLKSource=RCC_SYSCLKSOURCE_PLLCLK
USART1.BaudRate=115200
USART1.IPParameters=BaudRate,Mode,WordLength,StopBits,Parity
USART1.Mode=Asynchronous
USART1.Parity=None
USART1.StopBits=1
USART1.WordLength=8b
